// !$*UTF8*$!
{
	archiveVersion = 1;
	classes = {
	};
	objectVersion = 46;
	objects = {

/* Begin PBXBuildFile section */
		56BD13C617F95EEA00427E09 /* UIViewController+VGCarousel.m in Sources */ = {isa = PBXBuildFile; fileRef = 56BD13C517F95EEA00427E09 /* UIViewController+VGCarousel.m */; };
		56CE7CC217E9903D00E344F9 /* UIKit.framework in Frameworks */ = {isa = PBXBuildFile; fileRef = 56CE7CC117E9903D00E344F9 /* UIKit.framework */; };
		56CE7CC417E9903D00E344F9 /* Foundation.framework in Frameworks */ = {isa = PBXBuildFile; fileRef = 56CE7CC317E9903D00E344F9 /* Foundation.framework */; };
		56CE7CC617E9903D00E344F9 /* CoreGraphics.framework in Frameworks */ = {isa = PBXBuildFile; fileRef = 56CE7CC517E9903D00E344F9 /* CoreGraphics.framework */; };
		56CE7CCC17E9903D00E344F9 /* InfoPlist.strings in Resources */ = {isa = PBXBuildFile; fileRef = 56CE7CCA17E9903D00E344F9 /* InfoPlist.strings */; };
		56CE7CCE17E9903D00E344F9 /* main.m in Sources */ = {isa = PBXBuildFile; fileRef = 56CE7CCD17E9903D00E344F9 /* main.m */; };
		56CE7CD217E9903D00E344F9 /* VGAppDelegate.m in Sources */ = {isa = PBXBuildFile; fileRef = 56CE7CD117E9903D00E344F9 /* VGAppDelegate.m */; };
		56CE7CD417E9903D00E344F9 /* Default.png in Resources */ = {isa = PBXBuildFile; fileRef = 56CE7CD317E9903D00E344F9 /* Default.png */; };
		56CE7CD617E9903D00E344F9 /* Default@2x.png in Resources */ = {isa = PBXBuildFile; fileRef = 56CE7CD517E9903D00E344F9 /* Default@2x.png */; };
		56CE7CD817E9903D00E344F9 /* Default-568h@2x.png in Resources */ = {isa = PBXBuildFile; fileRef = 56CE7CD717E9903D00E344F9 /* Default-568h@2x.png */; };
		56CE7CE317E9BF0D00E344F9 /* VGTestViewController.m in Sources */ = {isa = PBXBuildFile; fileRef = 56CE7CE217E9BF0D00E344F9 /* VGTestViewController.m */; };
		56D08E2917F010C60060AAC5 /* VGCarouselTitleView.m in Sources */ = {isa = PBXBuildFile; fileRef = 56D08E2417F010C60060AAC5 /* VGCarouselTitleView.m */; };
		56D08E2A17F010C60060AAC5 /* VGCarouselViewController.m in Sources */ = {isa = PBXBuildFile; fileRef = 56D08E2617F010C60060AAC5 /* VGCarouselViewController.m */; };
		56D08E2B17F010C60060AAC5 /* VGIndexUtilities.m in Sources */ = {isa = PBXBuildFile; fileRef = 56D08E2817F010C60060AAC5 /* VGIndexUtilities.m */; };
/* End PBXBuildFile section */

/* Begin PBXFileReference section */
		56BD13C417F95EEA00427E09 /* UIViewController+VGCarousel.h */ = {isa = PBXFileReference; fileEncoding = 4; lastKnownFileType = sourcecode.c.h; name = "UIViewController+VGCarousel.h"; path = "Source/UIViewController+VGCarousel.h"; sourceTree = "<group>"; };
		56BD13C517F95EEA00427E09 /* UIViewController+VGCarousel.m */ = {isa = PBXFileReference; fileEncoding = 4; lastKnownFileType = sourcecode.c.objc; name = "UIViewController+VGCarousel.m"; path = "Source/UIViewController+VGCarousel.m"; sourceTree = "<group>"; };
		56CE7CBE17E9903D00E344F9 /* VGCarousel.app */ = {isa = PBXFileReference; explicitFileType = wrapper.application; includeInIndex = 0; path = VGCarousel.app; sourceTree = BUILT_PRODUCTS_DIR; };
		56CE7CC117E9903D00E344F9 /* UIKit.framework */ = {isa = PBXFileReference; lastKnownFileType = wrapper.framework; name = UIKit.framework; path = System/Library/Frameworks/UIKit.framework; sourceTree = SDKROOT; };
		56CE7CC317E9903D00E344F9 /* Foundation.framework */ = {isa = PBXFileReference; lastKnownFileType = wrapper.framework; name = Foundation.framework; path = System/Library/Frameworks/Foundation.framework; sourceTree = SDKROOT; };
		56CE7CC517E9903D00E344F9 /* CoreGraphics.framework */ = {isa = PBXFileReference; lastKnownFileType = wrapper.framework; name = CoreGraphics.framework; path = System/Library/Frameworks/CoreGraphics.framework; sourceTree = SDKROOT; };
		56CE7CC917E9903D00E344F9 /* VGCarousel-Info.plist */ = {isa = PBXFileReference; lastKnownFileType = text.plist.xml; path = "VGCarousel-Info.plist"; sourceTree = "<group>"; };
		56CE7CCB17E9903D00E344F9 /* en */ = {isa = PBXFileReference; lastKnownFileType = text.plist.strings; name = en; path = en.lproj/InfoPlist.strings; sourceTree = "<group>"; };
		56CE7CCD17E9903D00E344F9 /* main.m */ = {isa = PBXFileReference; lastKnownFileType = sourcecode.c.objc; path = main.m; sourceTree = "<group>"; };
		56CE7CCF17E9903D00E344F9 /* VGCarousel-Prefix.pch */ = {isa = PBXFileReference; lastKnownFileType = sourcecode.c.h; path = "VGCarousel-Prefix.pch"; sourceTree = "<group>"; };
		56CE7CD017E9903D00E344F9 /* VGAppDelegate.h */ = {isa = PBXFileReference; lastKnownFileType = sourcecode.c.h; path = VGAppDelegate.h; sourceTree = "<group>"; };
		56CE7CD117E9903D00E344F9 /* VGAppDelegate.m */ = {isa = PBXFileReference; lastKnownFileType = sourcecode.c.objc; path = VGAppDelegate.m; sourceTree = "<group>"; };
		56CE7CD317E9903D00E344F9 /* Default.png */ = {isa = PBXFileReference; lastKnownFileType = image.png; path = Default.png; sourceTree = "<group>"; };
		56CE7CD517E9903D00E344F9 /* Default@2x.png */ = {isa = PBXFileReference; lastKnownFileType = image.png; path = "Default@2x.png"; sourceTree = "<group>"; };
		56CE7CD717E9903D00E344F9 /* Default-568h@2x.png */ = {isa = PBXFileReference; lastKnownFileType = image.png; path = "Default-568h@2x.png"; sourceTree = "<group>"; };
		56CE7CE117E9BF0D00E344F9 /* VGTestViewController.h */ = {isa = PBXFileReference; fileEncoding = 4; lastKnownFileType = sourcecode.c.h; path = VGTestViewController.h; sourceTree = "<group>"; };
		56CE7CE217E9BF0D00E344F9 /* VGTestViewController.m */ = {isa = PBXFileReference; fileEncoding = 4; lastKnownFileType = sourcecode.c.objc; path = VGTestViewController.m; sourceTree = "<group>"; };
		56D08E2317F010C60060AAC5 /* VGCarouselTitleView.h */ = {isa = PBXFileReference; fileEncoding = 4; lastKnownFileType = sourcecode.c.h; name = VGCarouselTitleView.h; path = Source/VGCarouselTitleView.h; sourceTree = "<group>"; };
		56D08E2417F010C60060AAC5 /* VGCarouselTitleView.m */ = {isa = PBXFileReference; fileEncoding = 4; lastKnownFileType = sourcecode.c.objc; name = VGCarouselTitleView.m; path = Source/VGCarouselTitleView.m; sourceTree = "<group>"; };
		56D08E2517F010C60060AAC5 /* VGCarouselViewController.h */ = {isa = PBXFileReference; fileEncoding = 4; lastKnownFileType = sourcecode.c.h; name = VGCarouselViewController.h; path = Source/VGCarouselViewController.h; sourceTree = "<group>"; };
		56D08E2617F010C60060AAC5 /* VGCarouselViewController.m */ = {isa = PBXFileReference; fileEncoding = 4; lastKnownFileType = sourcecode.c.objc; name = VGCarouselViewController.m; path = Source/VGCarouselViewController.m; sourceTree = "<group>"; };
		56D08E2717F010C60060AAC5 /* VGIndexUtilities.h */ = {isa = PBXFileReference; fileEncoding = 4; lastKnownFileType = sourcecode.c.h; name = VGIndexUtilities.h; path = Source/VGIndexUtilities.h; sourceTree = "<group>"; };
		56D08E2817F010C60060AAC5 /* VGIndexUtilities.m */ = {isa = PBXFileReference; fileEncoding = 4; lastKnownFileType = sourcecode.c.objc; name = VGIndexUtilities.m; path = Source/VGIndexUtilities.m; sourceTree = "<group>"; };
/* End PBXFileReference section */

/* Begin PBXFrameworksBuildPhase section */
		56CE7CBB17E9903D00E344F9 /* Frameworks */ = {
			isa = PBXFrameworksBuildPhase;
			buildActionMask = 2147483647;
			files = (
				56CE7CC217E9903D00E344F9 /* UIKit.framework in Frameworks */,
				56CE7CC417E9903D00E344F9 /* Foundation.framework in Frameworks */,
				56CE7CC617E9903D00E344F9 /* CoreGraphics.framework in Frameworks */,
			);
			runOnlyForDeploymentPostprocessing = 0;
		};
/* End PBXFrameworksBuildPhase section */

/* Begin PBXGroup section */
		56CE7CB517E9903D00E344F9 = {
			isa = PBXGroup;
			children = (
				56CE7CC717E9903D00E344F9 /* VGCarousel */,
				56CE7CC017E9903D00E344F9 /* Frameworks */,
				56CE7CBF17E9903D00E344F9 /* Products */,
			);
			sourceTree = "<group>";
		};
		56CE7CBF17E9903D00E344F9 /* Products */ = {
			isa = PBXGroup;
			children = (
				56CE7CBE17E9903D00E344F9 /* VGCarousel.app */,
			);
			name = Products;
			sourceTree = "<group>";
		};
		56CE7CC017E9903D00E344F9 /* Frameworks */ = {
			isa = PBXGroup;
			children = (
				56CE7CC117E9903D00E344F9 /* UIKit.framework */,
				56CE7CC317E9903D00E344F9 /* Foundation.framework */,
				56CE7CC517E9903D00E344F9 /* CoreGraphics.framework */,
			);
			name = Frameworks;
			sourceTree = "<group>";
		};
		56CE7CC717E9903D00E344F9 /* VGCarousel */ = {
			isa = PBXGroup;
			children = (
				56D08E2217F010B90060AAC5 /* Source */,
				56CE7CD017E9903D00E344F9 /* VGAppDelegate.h */,
				56CE7CD117E9903D00E344F9 /* VGAppDelegate.m */,
				56CE7CC817E9903D00E344F9 /* Supporting Files */,
				56CE7CE117E9BF0D00E344F9 /* VGTestViewController.h */,
				56CE7CE217E9BF0D00E344F9 /* VGTestViewController.m */,
			);
			path = VGCarousel;
			sourceTree = "<group>";
		};
		56CE7CC817E9903D00E344F9 /* Supporting Files */ = {
			isa = PBXGroup;
			children = (
				56CE7CC917E9903D00E344F9 /* VGCarousel-Info.plist */,
				56CE7CCA17E9903D00E344F9 /* InfoPlist.strings */,
				56CE7CCD17E9903D00E344F9 /* main.m */,
				56CE7CCF17E9903D00E344F9 /* VGCarousel-Prefix.pch */,
				56CE7CD317E9903D00E344F9 /* Default.png */,
				56CE7CD517E9903D00E344F9 /* Default@2x.png */,
				56CE7CD717E9903D00E344F9 /* Default-568h@2x.png */,
			);
			name = "Supporting Files";
			sourceTree = "<group>";
		};
		56D08E2217F010B90060AAC5 /* Source */ = {
			isa = PBXGroup;
			children = (
				56D08E2317F010C60060AAC5 /* VGCarouselTitleView.h */,
				56D08E2417F010C60060AAC5 /* VGCarouselTitleView.m */,
				56D08E2517F010C60060AAC5 /* VGCarouselViewController.h */,
				56D08E2617F010C60060AAC5 /* VGCarouselViewController.m */,
				56D08E2717F010C60060AAC5 /* VGIndexUtilities.h */,
				56D08E2817F010C60060AAC5 /* VGIndexUtilities.m */,
				56BD13C417F95EEA00427E09 /* UIViewController+VGCarousel.h */,
				56BD13C517F95EEA00427E09 /* UIViewController+VGCarousel.m */,
			);
			name = Source;
			sourceTree = "<group>";
		};
/* End PBXGroup section */

/* Begin PBXNativeTarget section */
		56CE7CBD17E9903D00E344F9 /* VGCarousel */ = {
			isa = PBXNativeTarget;
			buildConfigurationList = 56CE7CDB17E9903D00E344F9 /* Build configuration list for PBXNativeTarget "VGCarousel" */;
			buildPhases = (
				56CE7CBA17E9903D00E344F9 /* Sources */,
				56CE7CBB17E9903D00E344F9 /* Frameworks */,
				56CE7CBC17E9903D00E344F9 /* Resources */,
			);
			buildRules = (
			);
			dependencies = (
			);
			name = VGCarousel;
			productName = VGCarousel;
			productReference = 56CE7CBE17E9903D00E344F9 /* VGCarousel.app */;
			productType = "com.apple.product-type.application";
		};
/* End PBXNativeTarget section */

/* Begin PBXProject section */
		56CE7CB617E9903D00E344F9 /* Project object */ = {
			isa = PBXProject;
			attributes = {
				CLASSPREFIX = VG;
				LastUpgradeCheck = 0460;
				ORGANIZATIONNAME = "Charles Joseph Uy";
			};
			buildConfigurationList = 56CE7CB917E9903D00E344F9 /* Build configuration list for PBXProject "VGCarousel" */;
			compatibilityVersion = "Xcode 3.2";
			developmentRegion = English;
			hasScannedForEncodings = 0;
			knownRegions = (
				en,
			);
			mainGroup = 56CE7CB517E9903D00E344F9;
			productRefGroup = 56CE7CBF17E9903D00E344F9 /* Products */;
			projectDirPath = "";
			projectRoot = "";
			targets = (
				56CE7CBD17E9903D00E344F9 /* VGCarousel */,
			);
		};
/* End PBXProject section */

/* Begin PBXResourcesBuildPhase section */
		56CE7CBC17E9903D00E344F9 /* Resources */ = {
			isa = PBXResourcesBuildPhase;
			buildActionMask = 2147483647;
			files = (
				56CE7CCC17E9903D00E344F9 /* InfoPlist.strings in Resources */,
				56CE7CD417E9903D00E344F9 /* Default.png in Resources */,
				56CE7CD617E9903D00E344F9 /* Default@2x.png in Resources */,
				56CE7CD817E9903D00E344F9 /* Default-568h@2x.png in Resources */,
			);
			runOnlyForDeploymentPostprocessing = 0;
		};
/* End PBXResourcesBuildPhase section */

/* Begin PBXSourcesBuildPhase section */
		56CE7CBA17E9903D00E344F9 /* Sources */ = {
			isa = PBXSourcesBuildPhase;
			buildActionMask = 2147483647;
			files = (
				56D08E2A17F010C60060AAC5 /* VGCarouselViewController.m in Sources */,
				56D08E2917F010C60060AAC5 /* VGCarouselTitleView.m in Sources */,
				56CE7CCE17E9903D00E344F9 /* main.m in Sources */,
				56BD13C617F95EEA00427E09 /* UIViewController+VGCarousel.m in Sources */,
				56CE7CD217E9903D00E344F9 /* VGAppDelegate.m in Sources */,
				56D08E2B17F010C60060AAC5 /* VGIndexUtilities.m in Sources */,
				56CE7CE317E9BF0D00E344F9 /* VGTestViewController.m in Sources */,
			);
			runOnlyForDeploymentPostprocessing = 0;
		};
/* End PBXSourcesBuildPhase section */

/* Begin PBXVariantGroup section */
		56CE7CCA17E9903D00E344F9 /* InfoPlist.strings */ = {
			isa = PBXVariantGroup;
			children = (
				56CE7CCB17E9903D00E344F9 /* en */,
			);
			name = InfoPlist.strings;
			sourceTree = "<group>";
		};
/* End PBXVariantGroup section */

/* Begin XCBuildConfiguration section */
		56CE7CD917E9903D00E344F9 /* Debug */ = {
			isa = XCBuildConfiguration;
			buildSettings = {
				ALWAYS_SEARCH_USER_PATHS = NO;
				CLANG_CXX_LANGUAGE_STANDARD = "gnu++0x";
				CLANG_CXX_LIBRARY = "libc++";
				CLANG_ENABLE_OBJC_ARC = YES;
				CLANG_WARN_CONSTANT_CONVERSION = YES;
				CLANG_WARN_EMPTY_BODY = YES;
				CLANG_WARN_ENUM_CONVERSION = YES;
				CLANG_WARN_INT_CONVERSION = YES;
				CLANG_WARN__DUPLICATE_METHOD_MATCH = YES;
				"CODE_SIGN_IDENTITY[sdk=iphoneos*]" = "iPhone Developer";
				COPY_PHASE_STRIP = NO;
				GCC_C_LANGUAGE_STANDARD = gnu99;
				GCC_DYNAMIC_NO_PIC = NO;
				GCC_OPTIMIZATION_LEVEL = 0;
				GCC_PREPROCESSOR_DEFINITIONS = (
					"DEBUG=1",
					"$(inherited)",
				);
				GCC_SYMBOLS_PRIVATE_EXTERN = NO;
				GCC_WARN_ABOUT_RETURN_TYPE = YES;
				GCC_WARN_UNINITIALIZED_AUTOS = YES;
				GCC_WARN_UNUSED_VARIABLE = YES;
				IPHONEOS_DEPLOYMENT_TARGET = 6.1;
				ONLY_ACTIVE_ARCH = YES;
				SDKROOT = iphoneos;
			};
			name = Debug;
		};
		56CE7CDA17E9903D00E344F9 /* Release */ = {
			isa = XCBuildConfiguration;
			buildSettings = {
				ALWAYS_SEARCH_USER_PATHS = NO;
				CLANG_CXX_LANGUAGE_STANDARD = "gnu++0x";
				CLANG_CXX_LIBRARY = "libc++";
				CLANG_ENABLE_OBJC_ARC = YES;
				CLANG_WARN_CONSTANT_CONVERSION = YES;
				CLANG_WARN_EMPTY_BODY = YES;
				CLANG_WARN_ENUM_CONVERSION = YES;
				CLANG_WARN_INT_CONVERSION = YES;
				CLANG_WARN__DUPLICATE_METHOD_MATCH = YES;
				"CODE_SIGN_IDENTITY[sdk=iphoneos*]" = "iPhone Developer";
				COPY_PHASE_STRIP = YES;
				GCC_C_LANGUAGE_STANDARD = gnu99;
				GCC_WARN_ABOUT_RETURN_TYPE = YES;
				GCC_WARN_UNINITIALIZED_AUTOS = YES;
				GCC_WARN_UNUSED_VARIABLE = YES;
				IPHONEOS_DEPLOYMENT_TARGET = 6.1;
				OTHER_CFLAGS = "-DNS_BLOCK_ASSERTIONS=1";
				SDKROOT = iphoneos;
				VALIDATE_PRODUCT = YES;
			};
			name = Release;
		};
		56CE7CDC17E9903D00E344F9 /* Debug */ = {
			isa = XCBuildConfiguration;
			buildSettings = {
				GCC_PRECOMPILE_PREFIX_HEADER = YES;
				GCC_PREFIX_HEADER = "VGCarousel/VGCarousel-Prefix.pch";
				INFOPLIST_FILE = "VGCarousel/VGCarousel-Info.plist";
				IPHONEOS_DEPLOYMENT_TARGET = 6.0;
				PRODUCT_NAME = "$(TARGET_NAME)";
				WRAPPER_EXTENSION = app;
			};
			name = Debug;
		};
		56CE7CDD17E9903D00E344F9 /* Release */ = {
			isa = XCBuildConfiguration;
			buildSettings = {
				GCC_PRECOMPILE_PREFIX_HEADER = YES;
				GCC_PREFIX_HEADER = "VGCarousel/VGCarousel-Prefix.pch";
				INFOPLIST_FILE = "VGCarousel/VGCarousel-Info.plist";
				IPHONEOS_DEPLOYMENT_TARGET = 6.0;
				PRODUCT_NAME = "$(TARGET_NAME)";
				WRAPPER_EXTENSION = app;
			};
			name = Release;
		};
/* End XCBuildConfiguration section */

/* Begin XCConfigurationList section */
		56CE7CB917E9903D00E344F9 /* Build configuration list for PBXProject "VGCarousel" */ = {
			isa = XCConfigurationList;
			buildConfigurations = (
				56CE7CD917E9903D00E344F9 /* Debug */,
				56CE7CDA17E9903D00E344F9 /* Release */,
			);
			defaultConfigurationIsVisible = 0;
			defaultConfigurationName = Release;
		};
		56CE7CDB17E9903D00E344F9 /* Build configuration list for PBXNativeTarget "VGCarousel" */ = {
			isa = XCConfigurationList;
			buildConfigurations = (
				56CE7CDC17E9903D00E344F9 /* Debug */,
				56CE7CDD17E9903D00E344F9 /* Release */,
			);
			defaultConfigurationIsVisible = 0;
			defaultConfigurationName = Release;
		};
/* End XCConfigurationList section */
	};
	rootObject = 56CE7CB617E9903D00E344F9 /* Project object */;
}
